Microsoft Visual Studio Solution File, Format Version 11.00
# Visual Studio 2008

Project("{3BCC0871-7F7F-61E2-7DEE-3120C7F21856}") = "LD29Warm", "Assembly-CSharp.csproj", "{DCAAE213-C616-2732-ED62-2067973B0394}"
EndProject
Project("{3BCC0871-7F7F-61E2-7DEE-3120C7F21856}") = "LD29Warm", "Assembly-CSharp-Editor.csproj", "{7CE10A35-2F38-3ED3-D68D-267597CB58F9}"
EndProject
Project("{3BCC0871-7F7F-61E2-7DEE-3120C7F21856}") = "LD29Warm", "Assembly-UnityScript.unityproj", "{809CC9C2-C268-E2FB-3835-022E28F6FFDD}"
EndProject
Project("{3BCC0871-7F7F-61E2-7DEE-3120C7F21856}") = "LD29Warm", "Assembly-UnityScript-Editor.unityproj", "{68BAEA34-0DF1-CCBC-0A9D-0628F1A89E01}"
EndProject
Global
	GlobalSection(SolutionConfigurationPlatforms) = preSolution
		Debug|Any CPU = Debug|Any CPU
		Release|Any CPU = Release|Any CPU
	EndGlobalSection
	GlobalSection(ProjectConfigurationPlatforms) = postSolution
		{DCAAE213-C616-2732-ED62-2067973B0394}.Debug|Any CPU.ActiveCfg = Debug|Any CPU
		{DCAAE213-C616-2732-ED62-2067973B0394}.Debug|Any CPU.Build.0 = Debug|Any CPU
		{DCAAE213-C616-2732-ED62-2067973B0394}.Release|Any CPU.ActiveCfg = Release|Any CPU
		{DCAAE213-C616-2732-ED62-2067973B0394}.Release|Any CPU.Build.0 = Release|Any CPU
		{7CE10A35-2F38-3ED3-D68D-267597CB58F9}.Debug|Any CPU.ActiveCfg = Debug|Any CPU
		{7CE10A35-2F38-3ED3-D68D-267597CB58F9}.Debug|Any CPU.Build.0 = Debug|Any CPU
		{7CE10A35-2F38-3ED3-D68D-267597CB58F9}.Release|Any CPU.ActiveCfg = Release|Any CPU
		{7CE10A35-2F38-3ED3-D68D-267597CB58F9}.Release|Any CPU.Build.0 = Release|Any CPU
		{809CC9C2-C268-E2FB-3835-022E28F6FFDD}.Debug|Any CPU.ActiveCfg = Debug|Any CPU
		{809CC9C2-C268-E2FB-3835-022E28F6FFDD}.Debug|Any CPU.Build.0 = Debug|Any CPU
		{809CC9C2-C268-E2FB-3835-022E28F6FFDD}.Release|Any CPU.ActiveCfg = Release|Any CPU
		{809CC9C2-C268-E2FB-3835-022E28F6FFDD}.Release|Any CPU.Build.0 = Release|Any CPU
		{68BAEA34-0DF1-CCBC-0A9D-0628F1A89E01}.Debug|Any CPU.ActiveCfg = Debug|Any CPU
		{68BAEA34-0DF1-CCBC-0A9D-0628F1A89E01}.Debug|Any CPU.Build.0 = Debug|Any CPU
		{68BAEA34-0DF1-CCBC-0A9D-0628F1A89E01}.Release|Any CPU.ActiveCfg = Release|Any CPU
		{68BAEA34-0DF1-CCBC-0A9D-0628F1A89E01}.Release|Any CPU.Build.0 = Release|Any CPU
	EndGlobalSection
	GlobalSection(SolutionProperties) = preSolution
		HideSolutionNode = FALSE
	EndGlobalSection
																	GlobalSection(MonoDevelopProperties) = preSolution
		StartupItem = Assembly-CSharp.csproj
		Policies = $0
		$0.TextStylePolicy = $1
		$1.FileWidth = 120
		$1.TabWidth = 2
		$1.IndentWidth = 2
		$1.inheritsSet = VisualStudio
		$1.inheritsScope = text/plain
		$1.scope = text/x-csharp
		$0.CSharpFormattingPolicy = $2
		$2.IndentSwitchBody = True
		$2.AnonymousMethodBraceStyle = NextLine
		$2.PropertyBraceStyle = NextLine
		$2.PropertyGetBraceStyle = NextLine
		$2.PropertySetBraceStyle = NextLine
		$2.EventBraceStyle = NextLine
		$2.EventAddBraceStyle = NextLine
		$2.EventRemoveBraceStyle = NextLine
		$2.StatementBraceStyle = NextLine
		$2.ArrayInitializerBraceStyle = NextLine
		$2.BeforeMethodDeclarationParentheses = False
		$2.BeforeMethodCallParentheses = False
		$2.BeforeConstructorDeclarationParentheses = False
		$2.BeforeDelegateDeclarationParentheses = False
		$2.NewParentheses = False
		$2.inheritsSet = Mono
		$2.inheritsScope = text/x-csharp
		$2.scope = text/x-csharp
		$0.TextStylePolicy = $3
		$3.FileWidth = 120
		$3.TabWidth = 4
		$3.EolMarker = Unix
		$3.inheritsSet = Mono
		$3.inheritsScope = text/plain
		$3.scope = text/plain
	EndGlobalSection

EndGlobal
