
Microsoft Visual Studio Solution File, Format Version 10.00
# Visual C# Express 2008
Project("{FAE04EC0-301F-11D3-BF4B-00C04F79EFBC}") = "LD17", "LD17\LD17.csproj", "{C0209C18-273D-4C75-949B-8C70943DE2CC}"
EndProject
Global
	GlobalSection(SolutionConfigurationPlatforms) = preSolution
		Debug|x86 = Debug|x86
		Release|x86 = Release|x86
	EndGlobalSection
	GlobalSection(ProjectConfigurationPlatforms) = postSolution
		{C0209C18-273D-4C75-949B-8C70943DE2CC}.Debug|x86.ActiveCfg = Debug|x86
		{C0209C18-273D-4C75-949B-8C70943DE2CC}.Debug|x86.Build.0 = Debug|x86
		{C0209C18-273D-4C75-949B-8C70943DE2CC}.Release|x86.ActiveCfg = Release|x86
		{C0209C18-273D-4C75-949B-8C70943DE2CC}.Release|x86.Build.0 = Release|x86
		{DA8C2CC4-758C-4B35-BB67-E97BF974FB27}.Debug|x86.ActiveCfg = Debug|x86
		{DA8C2CC4-758C-4B35-BB67-E97BF974FB27}.Release|x86.ActiveCfg = Release|x86
	EndGlobalSection
	GlobalSection(SolutionProperties) = preSolution
		HideSolutionNode = FALSE
	EndGlobalSection
EndGlobal
